// !$*UTF8*$!
{
	archiveVersion = 1;
	classes = {
	};
	objectVersion = 46;
	objects = {

/* Begin PBXBuildFile section */
		5CB9CFB01D30F93900F6C865 /* main.m in Sources */ = {isa = PBXBuildFile; fileRef = 5CB9CFAF1D30F93900F6C865 /* main.m */; };
		5CB9CFB31D30F93900F6C865 /* AppDelegate.m in Sources */ = {isa = PBXBuildFile; fileRef = 5CB9CFB21D30F93900F6C865 /* AppDelegate.m */; };
		5CB9CFB61D30F93900F6C865 /* ViewController.m in Sources */ = {isa = PBXBuildFile; fileRef = 5CB9CFB51D30F93900F6C865 /* ViewController.m */; };
		5CB9CFB91D30F93900F6C865 /* Main.storyboard in Resources */ = {isa = PBXBuildFile; fileRef = 5CB9CFB71D30F93900F6C865 /* Main.storyboard */; };
		5CB9CFBB1D30F93900F6C865 /* Assets.xcassets in Resources */ = {isa = PBXBuildFile; fileRef = 5CB9CFBA1D30F93900F6C865 /* Assets.xcassets */; };
		5CB9CFBE1D30F93900F6C865 /* LaunchScreen.storyboard in Resources */ = {isa = PBXBuildFile; fileRef = 5CB9CFBC1D30F93900F6C865 /* LaunchScreen.storyboard */; };
		5CB9CFC81D30F94100F6C865 /* MXCrashHandler.m in Sources */ = {isa = PBXBuildFile; fileRef = 5CB9CFC71D30F94100F6C865 /* MXCrashHandler.m */; };
/* End PBXBuildFile section */

/* Begin PBXFileReference section */
		5CB9CFAB1D30F93900F6C865 /* MXCrashHandler-Demo.app */ = {isa = PBXFileReference; explicitFileType = wrapper.application; includeInIndex = 0; path = "MXCrashHandler-Demo.app"; sourceTree = BUILT_PRODUCTS_DIR; };
		5CB9CFAF1D30F93900F6C865 /* main.m */ = {isa = PBXFileReference; lastKnownFileType = sourcecode.c.objc; path = main.m; sourceTree = "<group>"; };
		5CB9CFB11D30F93900F6C865 /* AppDelegate.h */ = {isa = PBXFileReference; lastKnownFileType = sourcecode.c.h; path = AppDelegate.h; sourceTree = "<group>"; };
		5CB9CFB21D30F93900F6C865 /* AppDelegate.m */ = {isa = PBXFileReference; lastKnownFileType = sourcecode.c.objc; path = AppDelegate.m; sourceTree = "<group>"; };
		5CB9CFB41D30F93900F6C865 /* ViewController.h */ = {isa = PBXFileReference; lastKnownFileType = sourcecode.c.h; path = ViewController.h; sourceTree = "<group>"; };
		5CB9CFB51D30F93900F6C865 /* ViewController.m */ = {isa = PBXFileReference; lastKnownFileType = sourcecode.c.objc; path = ViewController.m; sourceTree = "<group>"; };
		5CB9CFB81D30F93900F6C865 /* Base */ = {isa = PBXFileReference; lastKnownFileType = file.storyboard; name = Base; path = Base.lproj/Main.storyboard; sourceTree = "<group>"; };
		5CB9CFBA1D30F93900F6C865 /* Assets.xcassets */ = {isa = PBXFileReference; lastKnownFileType = folder.assetcatalog; path = Assets.xcassets; sourceTree = "<group>"; };
		5CB9CFBD1D30F93900F6C865 /* Base */ = {isa = PBXFileReference; lastKnownFileType = file.storyboard; name = Base; path = Base.lproj/LaunchScreen.storyboard; sourceTree = "<group>"; };
		5CB9CFBF1D30F93900F6C865 /* Info.plist */ = {isa = PBXFileReference; lastKnownFileType = text.plist.xml; path = Info.plist; sourceTree = "<group>"; };
		5CB9CFC61D30F94100F6C865 /* MXCrashHandler.h */ = {isa = PBXFileReference; fileEncoding = 4; lastKnownFileType = sourcecode.c.h; path = MXCrashHandler.h; sourceTree = "<group>"; };
		5CB9CFC71D30F94100F6C865 /* MXCrashHandler.m */ = {isa = PBXFileReference; fileEncoding = 4; lastKnownFileType = sourcecode.c.objc; path = MXCrashHandler.m; sourceTree = "<group>"; };
/* End PBXFileReference section */

/* Begin PBXFrameworksBuildPhase section */
		5CB9CFA81D30F93900F6C865 /* Frameworks */ = {
			isa = PBXFrameworksBuildPhase;
			buildActionMask = 2147483647;
			files = (
			);
			runOnlyForDeploymentPostprocessing = 0;
		};
/* End PBXFrameworksBuildPhase section */

/* Begin PBXGroup section */
		5CB9CFA21D30F93900F6C865 = {
			isa = PBXGroup;
			children = (
				5CB9CFAD1D30F93900F6C865 /* MXCrashHandler-Demo */,
				5CB9CFAC1D30F93900F6C865 /* Products */,
			);
			sourceTree = "<group>";
		};
		5CB9CFAC1D30F93900F6C865 /* Products */ = {
			isa = PBXGroup;
			children = (
				5CB9CFAB1D30F93900F6C865 /* MXCrashHandler-Demo.app */,
			);
			name = Products;
			sourceTree = "<group>";
		};
		5CB9CFAD1D30F93900F6C865 /* MXCrashHandler-Demo */ = {
			isa = PBXGroup;
			children = (
				5CB9CFC51D30F94100F6C865 /* MXCrashHandler */,
				5CB9CFB11D30F93900F6C865 /* AppDelegate.h */,
				5CB9CFB21D30F93900F6C865 /* AppDelegate.m */,
				5CB9CFB41D30F93900F6C865 /* ViewController.h */,
				5CB9CFB51D30F93900F6C865 /* ViewController.m */,
				5CB9CFB71D30F93900F6C865 /* Main.storyboard */,
				5CB9CFBA1D30F93900F6C865 /* Assets.xcassets */,
				5CB9CFBC1D30F93900F6C865 /* LaunchScreen.storyboard */,
				5CB9CFBF1D30F93900F6C865 /* Info.plist */,
				5CB9CFAE1D30F93900F6C865 /* Supporting Files */,
			);
			path = "MXCrashHandler-Demo";
			sourceTree = "<group>";
		};
		5CB9CFAE1D30F93900F6C865 /* Supporting Files */ = {
			isa = PBXGroup;
			children = (
				5CB9CFAF1D30F93900F6C865 /* main.m */,
			);
			name = "Supporting Files";
			sourceTree = "<group>";
		};
		5CB9CFC51D30F94100F6C865 /* MXCrashHandler */ = {
			isa = PBXGroup;
			children = (
				5CB9CFC61D30F94100F6C865 /* MXCrashHandler.h */,
				5CB9CFC71D30F94100F6C865 /* MXCrashHandler.m */,
			);
			name = MXCrashHandler;
			path = ../../MXCrashHandler;
			sourceTree = "<group>";
		};
/* End PBXGroup section */

/* Begin PBXNativeTarget section */
		5CB9CFAA1D30F93900F6C865 /* MXCrashHandler-Demo */ = {
			isa = PBXNativeTarget;
			buildConfigurationList = 5CB9CFC21D30F93900F6C865 /* Build configuration list for PBXNativeTarget "MXCrashHandler-Demo" */;
			buildPhases = (
				5CB9CFA71D30F93900F6C865 /* Sources */,
				5CB9CFA81D30F93900F6C865 /* Frameworks */,
				5CB9CFA91D30F93900F6C865 /* Resources */,
			);
			buildRules = (
			);
			dependencies = (
			);
			name = "MXCrashHandler-Demo";
			productName = "MXCrashHandler-Demo";
			productReference = 5CB9CFAB1D30F93900F6C865 /* MXCrashHandler-Demo.app */;
			productType = "com.apple.product-type.application";
		};
/* End PBXNativeTarget section */

/* Begin PBXProject section */
		5CB9CFA31D30F93900F6C865 /* Project object */ = {
			isa = PBXProject;
			attributes = {
				LastUpgradeCheck = 0730;
				ORGANIZATIONNAME = Meniny;
				TargetAttributes = {
					5CB9CFAA1D30F93900F6C865 = {
						CreatedOnToolsVersion = 7.3.1;
					};
				};
			};
			buildConfigurationList = 5CB9CFA61D30F93900F6C865 /* Build configuration list for PBXProject "MXCrashHandler-Demo" */;
			compatibilityVersion = "Xcode 3.2";
			developmentRegion = English;
			hasScannedForEncodings = 0;
			knownRegions = (
				en,
				Base,
			);
			mainGroup = 5CB9CFA21D30F93900F6C865;
			productRefGroup = 5CB9CFAC1D30F93900F6C865 /* Products */;
			projectDirPath = "";
			projectRoot = "";
			targets = (
				5CB9CFAA1D30F93900F6C865 /* MXCrashHandler-Demo */,
			);
		};
/* End PBXProject section */

/* Begin PBXResourcesBuildPhase section */
		5CB9CFA91D30F93900F6C865 /* Resources */ = {
			isa = PBXResourcesBuildPhase;
			buildActionMask = 2147483647;
			files = (
				5CB9CFBE1D30F93900F6C865 /* LaunchScreen.storyboard in Resources */,
				5CB9CFBB1D30F93900F6C865 /* Assets.xcassets in Resources */,
				5CB9CFB91D30F93900F6C865 /* Main.storyboard in Resources */,
			);
			runOnlyForDeploymentPostprocessing = 0;
		};
/* End PBXResourcesBuildPhase section */

/* Begin PBXSourcesBuildPhase section */
		5CB9CFA71D30F93900F6C865 /* Sources */ = {
			isa = PBXSourcesBuildPhase;
			buildActionMask = 2147483647;
			files = (
				5CB9CFB61D30F93900F6C865 /* ViewController.m in Sources */,
				5CB9CFB31D30F93900F6C865 /* AppDelegate.m in Sources */,
				5CB9CFB01D30F93900F6C865 /* main.m in Sources */,
				5CB9CFC81D30F94100F6C865 /* MXCrashHandler.m in Sources */,
			);
			runOnlyForDeploymentPostprocessing = 0;
		};
/* End PBXSourcesBuildPhase section */

/* Begin PBXVariantGroup section */
		5CB9CFB71D30F93900F6C865 /* Main.storyboard */ = {
			isa = PBXVariantGroup;
			children = (
				5CB9CFB81D30F93900F6C865 /* Base */,
			);
			name = Main.storyboard;
			sourceTree = "<group>";
		};
		5CB9CFBC1D30F93900F6C865 /* LaunchScreen.storyboard */ = {
			isa = PBXVariantGroup;
			children = (
				5CB9CFBD1D30F93900F6C865 /* Base */,
			);
			name = LaunchScreen.storyboard;
			sourceTree = "<group>";
		};
/* End PBXVariantGroup section */

/* Begin XCBuildConfiguration section */
		5CB9CFC01D30F93900F6C865 /* Debug */ = {
			isa = XCBuildConfiguration;
			buildSettings = {
				ALWAYS_SEARCH_USER_PATHS = NO;
				CLANG_ANALYZER_NONNULL = YES;
				CLANG_CXX_LANGUAGE_STANDARD = "gnu++0x";
				CLANG_CXX_LIBRARY = "libc++";
				CLANG_ENABLE_MODULES = YES;
				CLANG_ENABLE_OBJC_ARC = YES;
				CLANG_WARN_BOOL_CONVERSION = YES;
				CLANG_WARN_CONSTANT_CONVERSION = YES;
				CLANG_WARN_DIRECT_OBJC_ISA_USAGE = YES_ERROR;
				CLANG_WARN_EMPTY_BODY = YES;
				CLANG_WARN_ENUM_CONVERSION = YES;
				CLANG_WARN_INT_CONVERSION = YES;
				CLANG_WARN_OBJC_ROOT_CLASS = YES_ERROR;
				CLANG_WARN_UNREACHABLE_CODE = YES;
				CLANG_WARN__DUPLICATE_METHOD_MATCH = YES;
				"CODE_SIGN_IDENTITY[sdk=iphoneos*]" = "iPhone Developer";
				COPY_PHASE_STRIP = NO;
				DEBUG_INFORMATION_FORMAT = dwarf;
				ENABLE_STRICT_OBJC_MSGSEND = YES;
				ENABLE_TESTABILITY = YES;
				GCC_C_LANGUAGE_STANDARD = gnu99;
				GCC_DYNAMIC_NO_PIC = NO;
				GCC_NO_COMMON_BLOCKS = YES;
				GCC_OPTIMIZATION_LEVEL = 0;
				GCC_PREPROCESSOR_DEFINITIONS = (
					"DEBUG=1",
					"$(inherited)",
				);
				GCC_WARN_64_TO_32_BIT_CONVERSION = YES;
				GCC_WARN_ABOUT_RETURN_TYPE = YES_ERROR;
				GCC_WARN_UNDECLARED_SELECTOR = YES;
				GCC_WARN_UNINITIALIZED_AUTOS = YES_AGGRESSIVE;
				GCC_WARN_UNUSED_FUNCTION = YES;
				GCC_WARN_UNUSED_VARIABLE = YES;
				IPHONEOS_DEPLOYMENT_TARGET = 9.3;
				MTL_ENABLE_DEBUG_INFO = YES;
				ONLY_ACTIVE_ARCH = YES;
				SDKROOT = iphoneos;
				TARGETED_DEVICE_FAMILY = "1,2";
			};
			name = Debug;
		};
		5CB9CFC11D30F93900F6C865 /* Release */ = {
			isa = XCBuildConfiguration;
			buildSettings = {
				ALWAYS_SEARCH_USER_PATHS = NO;
				CLANG_ANALYZER_NONNULL = YES;
				CLANG_CXX_LANGUAGE_STANDARD = "gnu++0x";
				CLANG_CXX_LIBRARY = "libc++";
				CLANG_ENABLE_MODULES = YES;
				CLANG_ENABLE_OBJC_ARC = YES;
				CLANG_WARN_BOOL_CONVERSION = YES;
				CLANG_WARN_CONSTANT_CONVERSION = YES;
				CLANG_WARN_DIRECT_OBJC_ISA_USAGE = YES_ERROR;
				CLANG_WARN_EMPTY_BODY = YES;
				CLANG_WARN_ENUM_CONVERSION = YES;
				CLANG_WARN_INT_CONVERSION = YES;
				CLANG_WARN_OBJC_ROOT_CLASS = YES_ERROR;
				CLANG_WARN_UNREACHABLE_CODE = YES;
				CLANG_WARN__DUPLICATE_METHOD_MATCH = YES;
				"CODE_SIGN_IDENTITY[sdk=iphoneos*]" = "iPhone Developer";
				COPY_PHASE_STRIP = NO;
				DEBUG_INFORMATION_FORMAT = "dwarf-with-dsym";
				ENABLE_NS_ASSERTIONS = NO;
				ENABLE_STRICT_OBJC_MSGSEND = YES;
				GCC_C_LANGUAGE_STANDARD = gnu99;
				GCC_NO_COMMON_BLOCKS = YES;
				GCC_WARN_64_TO_32_BIT_CONVERSION = YES;
				GCC_WARN_ABOUT_RETURN_TYPE = YES_ERROR;
				GCC_WARN_UNDECLARED_SELECTOR = YES;
				GCC_WARN_UNINITIALIZED_AUTOS = YES_AGGRESSIVE;
				GCC_WARN_UNUSED_FUNCTION = YES;
				GCC_WARN_UNUSED_VARIABLE = YES;
				IPHONEOS_DEPLOYMENT_TARGET = 9.3;
				MTL_ENABLE_DEBUG_INFO = NO;
				SDKROOT = iphoneos;
				TARGETED_DEVICE_FAMILY = "1,2";
				VALIDATE_PRODUCT = YES;
			};
			name = Release;
		};
		5CB9CFC31D30F93900F6C865 /* Debug */ = {
			isa = XCBuildConfiguration;
			buildSettings = {
				ASSETCATALOG_COMPILER_APPICON_NAME = AppIcon;
				INFOPLIST_FILE = "MXCrashHandler-Demo/Info.plist";
				LD_RUNPATH_SEARCH_PATHS = "$(inherited) @executable_path/Frameworks";
				PRODUCT_BUNDLE_IDENTIFIER = "cn.meniny.MXCrashHandler-Demo";
				PRODUCT_NAME = "$(TARGET_NAME)";
			};
			name = Debug;
		};
		5CB9CFC41D30F93900F6C865 /* Release */ = {
			isa = XCBuildConfiguration;
			buildSettings = {
				ASSETCATALOG_COMPILER_APPICON_NAME = AppIcon;
				INFOPLIST_FILE = "MXCrashHandler-Demo/Info.plist";
				LD_RUNPATH_SEARCH_PATHS = "$(inherited) @executable_path/Frameworks";
				PRODUCT_BUNDLE_IDENTIFIER = "cn.meniny.MXCrashHandler-Demo";
				PRODUCT_NAME = "$(TARGET_NAME)";
			};
			name = Release;
		};
/* End XCBuildConfiguration section */

/* Begin XCConfigurationList section */
		5CB9CFA61D30F93900F6C865 /* Build configuration list for PBXProject "MXCrashHandler-Demo" */ = {
			isa = XCConfigurationList;
			buildConfigurations = (
				5CB9CFC01D30F93900F6C865 /* Debug */,
				5CB9CFC11D30F93900F6C865 /* Release */,
			);
			defaultConfigurationIsVisible = 0;
			defaultConfigurationName = Release;
		};
		5CB9CFC21D30F93900F6C865 /* Build configuration list for PBXNativeTarget "MXCrashHandler-Demo" */ = {
			isa = XCConfigurationList;
			buildConfigurations = (
				5CB9CFC31D30F93900F6C865 /* Debug */,
				5CB9CFC41D30F93900F6C865 /* Release */,
			);
			defaultConfigurationIsVisible = 0;
		};
/* End XCConfigurationList section */
	};
	rootObject = 5CB9CFA31D30F93900F6C865 /* Project object */;
}
